
Microsoft Visual Studio Solution File, Format Version 12.00
# Visual Studio Version 17
VisualStudioVersion = 17.3.32901.215
MinimumVisualStudioVersion = 10.0.40219.1
Project("{FAE04EC0-301F-11D3-BF4B-00C04F79EFBC}") = "Opdracht4", "Opdracht4\Opdracht4.csproj", "{872FBFA0-CDD9-4426-B4DC-A154AB7CAAFB}"
EndProject
Global
	GlobalSection(SolutionConfigurationPlatforms) = preSolution
		Debug|Any CPU = Debug|Any CPU
		Release|Any CPU = Release|Any CPU
	EndGlobalSection
	GlobalSection(ProjectConfigurationPlatforms) = postSolution
		{872FBFA0-CDD9-4426-B4DC-A154AB7CAAFB}.Debug|Any CPU.ActiveCfg = Debug|Any CPU
		{872FBFA0-CDD9-4426-B4DC-A154AB7CAAFB}.Debug|Any CPU.Build.0 = Debug|Any CPU
		{872FBFA0-CDD9-4426-B4DC-A154AB7CAAFB}.Release|Any CPU.ActiveCfg = Release|Any CPU
		{872FBFA0-CDD9-4426-B4DC-A154AB7CAAFB}.Release|Any CPU.Build.0 = Release|Any CPU
	EndGlobalSection
	GlobalSection(SolutionProperties) = preSolution
		HideSolutionNode = FALSE
	EndGlobalSection
	GlobalSection(ExtensibilityGlobals) = postSolution
		SolutionGuid = {AF18A23B-C6AA-4836-88A9-C69B234D8E05}
	EndGlobalSection
EndGlobal
